{
  "name": "semiconductormonitor",
  "lockfileVersion": 3,
  "requires": true,
  "packages": {
    "": {
      "dependencies": {
        "3d-tiles-renderer": "^0.4.13",
        "three-geojson": "github:gkjohnson/three-geojson"
      }
    },
    "node_modules/@kninnug/constrainautor": {
      "version": "4.0.1",
      "resolved": "https://registry.npmjs.org/@kninnug/constrainautor/-/constrainautor-4.0.1.tgz",
      "integrity": "sha512-wVnev6bmVBY3GjZeaDK+SQFIc2crpLQAmb5nYUVy/QtYUBz0masTji20XToVXfym7WgpaRFHDhcyX15CMhND8w==",
      "license": "ISC",
      "dependencies": {
        "robust-predicates": "^3.0.1"
      }
    },
    "node_modules/@turf/area": {
      "version": "7.2.0",
      "resolved": "https://registry.npmjs.org/@turf/area/-/area-7.2.0.tgz",
      "integrity": "sha512-zuTTdQ4eoTI9nSSjerIy4QwgvxqwJVciQJ8tOPuMHbXJ9N/dNjI7bU8tasjhxas/Cx3NE9NxVHtNpYHL0FSzoA==",
      "license": "MIT",
      "dependencies": {
        "@turf/helpers": "^7.2.0",
        "@turf/meta": "^7.2.0",
        "@types/geojson": "^7946.0.10",
        "tslib": "^2.8.1"
      },
      "funding": {
        "url": "https://opencollective.com/turf"
      }
    },
    "node_modules/@turf/boolean-point-in-polygon": {
      "version": "7.2.0",
      "resolved": "https://registry.npmjs.org/@turf/boolean-point-in-polygon/-/boolean-point-in-polygon-7.2.0.tgz",
      "integrity": "sha512-lvEOjxeXIp+wPXgl9kJA97dqzMfNexjqHou+XHVcfxQgolctoJiRYmcVCWGpiZ9CBf/CJha1KmD1qQoRIsjLaA==",
      "license": "MIT",
      "dependencies": {
        "@turf/helpers": "^7.2.0",
        "@turf/invariant": "^7.2.0",
        "@types/geojson": "^7946.0.10",
        "point-in-polygon-hao": "^1.1.0",
        "tslib": "^2.8.1"
      },
      "funding": {
        "url": "https://opencollective.com/turf"
      }
    },
    "node_modules/@turf/helpers": {
      "version": "7.2.0",
      "resolved": "https://registry.npmjs.org/@turf/helpers/-/helpers-7.2.0.tgz",
      "integrity": "sha512-cXo7bKNZoa7aC7ydLmUR02oB3IgDe7MxiPuRz3cCtYQHn+BJ6h1tihmamYDWWUlPHgSNF0i3ATc4WmDECZafKw==",
      "license": "MIT",
      "dependencies": {
        "@types/geojson": "^7946.0.10",
        "tslib": "^2.8.1"
      },
      "funding": {
        "url": "https://opencollective.com/turf"
      }
    },
    "node_modules/@turf/invariant": {
      "version": "7.2.0",
      "resolved": "https://registry.npmjs.org/@turf/invariant/-/invariant-7.2.0.tgz",
      "integrity": "sha512-kV4u8e7Gkpq+kPbAKNC21CmyrXzlbBgFjO1PhrHPgEdNqXqDawoZ3i6ivE3ULJj2rSesCjduUaC/wyvH/sNr2Q==",
      "license": "MIT",
      "dependencies": {
        "@turf/helpers": "^7.2.0",
        "@types/geojson": "^7946.0.10",
        "tslib": "^2.8.1"
      },
      "funding": {
        "url": "https://opencollective.com/turf"
      }
    },
    "node_modules/@turf/meta": {
      "version": "7.2.0",
      "resolved": "https://registry.npmjs.org/@turf/meta/-/meta-7.2.0.tgz",
      "integrity": "sha512-igzTdHsQc8TV1RhPuOLVo74Px/hyPrVgVOTgjWQZzt3J9BVseCdpfY/0cJBdlSRI4S/yTmmHl7gAqjhpYH5Yaw==",
      "license": "MIT",
      "dependencies": {
        "@turf/helpers": "^7.2.0",
        "@types/geojson": "^7946.0.10"
      },
      "funding": {
        "url": "https://opencollective.com/turf"
      }
    },
    "node_modules/@turf/unkink-polygon": {
      "version": "7.2.0",
      "resolved": "https://registry.npmjs.org/@turf/unkink-polygon/-/unkink-polygon-7.2.0.tgz",
      "integrity": "sha512-dFPfzlIgkEr15z6oXVxTSWshWi51HeITGVFtl1GAKGMtiXJx1uMqnfRsvljqEjaQu/4AzG1QAp3b+EkSklQSiQ==",
      "license": "MIT",
      "dependencies": {
        "@turf/area": "^7.2.0",
        "@turf/boolean-point-in-polygon": "^7.2.0",
        "@turf/helpers": "^7.2.0",
        "@turf/meta": "^7.2.0",
        "@types/geojson": "^7946.0.10",
        "rbush": "^3.0.1",
        "tslib": "^2.8.1"
      },
      "funding": {
        "url": "https://opencollective.com/turf"
      }
    },
    "node_modules/@types/geojson": {
      "version": "7946.0.16",
      "resolved": "https://registry.npmjs.org/@types/geojson/-/geojson-7946.0.16.tgz",
      "integrity": "sha512-6C8nqWur3j98U6+lXDfTUWIfgvZU+EumvpHKcYjujKH7woYyLj2sUmff0tRhrqM7BohUw7Pz3ZB1jj2gW9Fvmg==",
      "license": "MIT"
    },
    "node_modules/3d-tiles-renderer": {
      "version": "0.4.13",
      "resolved": "https://registry.npmjs.org/3d-tiles-renderer/-/3d-tiles-renderer-0.4.13.tgz",
      "integrity": "sha512-xVg+yv3ChBb5JPQyghz1jhhORT29IUb7XiX5FRcGKRc671iWdFznsOVMLQaEhOqhgViTpX0Q5GTIwOxBp8wJCg==",
      "license": "Apache-2.0",
      "peerDependencies": {
        "@react-three/fiber": "^8.17.9 || ^9.0.0",
        "react": "^18.3.1 || ^19.0.0",
        "react-dom": "^18.3.1 || ^19.0.0",
        "three": ">=0.166.0"
      },
      "peerDependenciesMeta": {
        "@react-three/fiber": {
          "optional": true
        },
        "react": {
          "optional": true
        },
        "react-dom": {
          "optional": true
        }
      }
    },
    "node_modules/betterknown": {
      "version": "1.0.5",
      "resolved": "https://registry.npmjs.org/betterknown/-/betterknown-1.0.5.tgz",
      "integrity": "sha512-xQGprwo9Jqx8vyESLhKCarv2ukan49PEUdydK/kQegq5wi2qEIptl57LlMs2QXtgoJHbCctZVsZknDgx9b18RQ==",
      "license": "MIT",
      "dependencies": {
        "@types/geojson": "^7946.0.10"
      }
    },
    "node_modules/delaunator": {
      "version": "5.0.1",
      "resolved": "https://registry.npmjs.org/delaunator/-/delaunator-5.0.1.tgz",
      "integrity": "sha512-8nvh+XBe96aCESrGOqMp/84b13H9cdKbG5P2ejQCh4d4sK9RL4371qou9drQjMhvnPmhWl5hnmqbEE0fXr9Xnw==",
      "license": "ISC",
      "dependencies": {
        "robust-predicates": "^3.0.2"
      }
    },
    "node_modules/point-in-polygon-hao": {
      "version": "1.2.4",
      "resolved": "https://registry.npmjs.org/point-in-polygon-hao/-/point-in-polygon-hao-1.2.4.tgz",
      "integrity": "sha512-x2pcvXeqhRHlNRdhLs/tgFapAbSSe86wa/eqmj1G6pWftbEs5aVRJhRGM6FYSUERKu0PjekJzMq0gsI2XyiclQ==",
      "license": "MIT",
      "dependencies": {
        "robust-predicates": "^3.0.2"
      }
    },
    "node_modules/quickselect": {
      "version": "2.0.0",
      "resolved": "https://registry.npmjs.org/quickselect/-/quickselect-2.0.0.tgz",
      "integrity": "sha512-RKJ22hX8mHe3Y6wH/N3wCM6BWtjaxIyyUIkpHOvfFnxdI4yD4tBXEBKSbriGujF6jnSVkJrffuo6vxACiSSxIw==",
      "license": "ISC"
    },
    "node_modules/rbush": {
      "version": "3.0.1",
      "resolved": "https://registry.npmjs.org/rbush/-/rbush-3.0.1.tgz",
      "integrity": "sha512-XRaVO0YecOpEuIvbhbpTrZgoiI6xBlz6hnlr6EHhd+0x9ase6EmeN+hdwwUaJvLcsFFQ8iWVF1GAK1yB0BWi0w==",
      "license": "MIT",
      "dependencies": {
        "quickselect": "^2.0.0"
      }
    },
    "node_modules/robust-predicates": {
      "version": "3.0.2",
      "resolved": "https://registry.npmjs.org/robust-predicates/-/robust-predicates-3.0.2.tgz",
      "integrity": "sha512-IXgzBWvWQwE6PrDI05OvmXUIruQTcoMDzRsOd5CDvHCVLcLHMTSYvOK5Cm46kWqlV3yAbuSpBZdJ5oP5OUoStg==",
      "license": "Unlicense"
    },
    "node_modules/three": {
      "version": "0.178.0",
      "resolved": "https://registry.npmjs.org/three/-/three-0.178.0.tgz",
      "integrity": "sha512-ybFIB0+x8mz0wnZgSGy2MO/WCO6xZhQSZnmfytSPyNpM0sBafGRVhdaj+erYh5U+RhQOAg/eXqw5uVDiM2BjhQ==",
      "license": "MIT",
      "peer": true
    },
    "node_modules/three-geojson": {
      "version": "0.0.12",
      "resolved": "git+ssh://git@github.com/gkjohnson/three-geojson.git#a904cc0060d62c624004346d4e2382de6b811507",
      "license": "MIT",
      "dependencies": {
        "@kninnug/constrainautor": "^4.0.0",
        "@turf/unkink-polygon": "^7.2.0",
        "betterknown": "^1.0.5",
        "delaunator": "^5.0.1"
      },
      "peerDependencies": {
        "3d-tiles-renderer": ">=0.4.0",
        "three": ">=0.140.0"
      },
      "peerDependenciesMeta": {
        "3d-tiles-renderer": {
          "optional": true
        }
      }
    },
    "node_modules/tslib": {
      "version": "2.8.1",
      "resolved": "https://registry.npmjs.org/tslib/-/tslib-2.8.1.tgz",
      "integrity": "sha512-oJFu94HQb+KVduSUQL7wnpmqnfmLsOA/nAh6b6EH0wCEoK0/mPeXU6c3wKDV83MkOuHPRHtSXKKU99IBazS/2w==",
      "license": "0BSD"
    }
  }
}
